
Microsoft Visual Studio Solution File, Format Version 12.00
# Visual Studio 15
VisualStudioVersion = 15.0.28010.2048
MinimumVisualStudioVersion = 10.0.40219.1
Project("{8BC9CEB8-8B4A-11D0-8D11-00A0C91BC942}") = "FinalProject", "FinalProject\FinalProject.vcxproj", "{374D8392-4161-460A-AD8A-5AD91E2EE89D}"
EndProject
Global
	GlobalSection(SolutionConfigurationPlatforms) = preSolution
		Debug|Win32 = Debug|Win32
		Debug|x64 = Debug|x64
		Debug|x86 = Debug|x86
		Release|Win32 = Release|Win32
		Release|x64 = Release|x64
		Release|x86 = Release|x86
	EndGlobalSection
	GlobalSection(ProjectConfigurationPlatforms) = postSolution
		{374D8392-4161-460A-AD8A-5AD91E2EE89D}.Debug|Win32.ActiveCfg = Debug|Win32
		{374D8392-4161-460A-AD8A-5AD91E2EE89D}.Debug|Win32.Build.0 = Debug|Win32
		{374D8392-4161-460A-AD8A-5AD91E2EE89D}.Debug|x64.ActiveCfg = Debug|x64
		{374D8392-4161-460A-AD8A-5AD91E2EE89D}.Debug|x64.Build.0 = Debug|x64
		{374D8392-4161-460A-AD8A-5AD91E2EE89D}.Debug|x86.ActiveCfg = Debug|Win32
		{374D8392-4161-460A-AD8A-5AD91E2EE89D}.Debug|x86.Build.0 = Debug|Win32
		{374D8392-4161-460A-AD8A-5AD91E2EE89D}.Release|Win32.ActiveCfg = Release|Win32
		{374D8392-4161-460A-AD8A-5AD91E2EE89D}.Release|Win32.Build.0 = Release|Win32
		{374D8392-4161-460A-AD8A-5AD91E2EE89D}.Release|x64.ActiveCfg = Release|x64
		{374D8392-4161-460A-AD8A-5AD91E2EE89D}.Release|x64.Build.0 = Release|x64
		{374D8392-4161-460A-AD8A-5AD91E2EE89D}.Release|x86.ActiveCfg = Release|Win32
		{374D8392-4161-460A-AD8A-5AD91E2EE89D}.Release|x86.Build.0 = Release|Win32
	EndGlobalSection
	GlobalSection(SolutionProperties) = preSolution
		HideSolutionNode = FALSE
	EndGlobalSection
	GlobalSection(ExtensibilityGlobals) = postSolution
		SolutionGuid = {B40E04AF-EEB8-4178-B616-CB8EEC4B07C5}
	EndGlobalSection
EndGlobal
